
Microsoft Visual Studio Solution File, Format Version 12.00
# Visual Studio Version 16
VisualStudioVersion = 16.0.30128.74
MinimumVisualStudioVersion = 10.0.40219.1
Project("{FAE04EC0-301F-11D3-BF4B-00C04F79EFBC}") = "NetCoreMicroservices", "NetCoreMicroservices.csproj", "{1B6AB5DC-DB1A-496F-BDC0-468823F81A84}"
EndProject
Global
	GlobalSection(SolutionConfigurationPlatforms) = preSolution
		Debug|Any CPU = Debug|Any CPU
		Release|Any CPU = Release|Any CPU
	EndGlobalSection
	GlobalSection(ProjectConfigurationPlatforms) = postSolution
		{1B6AB5DC-DB1A-496F-BDC0-468823F81A84}.Debug|Any CPU.ActiveCfg = Debug|Any CPU
		{1B6AB5DC-DB1A-496F-BDC0-468823F81A84}.Debug|Any CPU.Build.0 = Debug|Any CPU
		{1B6AB5DC-DB1A-496F-BDC0-468823F81A84}.Release|Any CPU.ActiveCfg = Release|Any CPU
		{1B6AB5DC-DB1A-496F-BDC0-468823F81A84}.Release|Any CPU.Build.0 = Release|Any CPU
	EndGlobalSection
	GlobalSection(SolutionProperties) = preSolution
		HideSolutionNode = FALSE
	EndGlobalSection
	GlobalSection(ExtensibilityGlobals) = postSolution
		SolutionGuid = {E64960CA-F507-47ED-BB6B-5C906C994D61}
	EndGlobalSection
EndGlobal
