
Microsoft Visual Studio Solution File, Format Version 12.00
# Visual Studio Version 16
VisualStudioVersion = 16.0.31019.35
MinimumVisualStudioVersion = 10.0.40219.1
Project("{FAE04EC0-301F-11D3-BF4B-00C04F79EFBC}") = "AbstractFactory", "AbstractFactory\AbstractFactory.csproj", "{9152B29C-B2EE-407A-B702-E9451C8B3279}"
EndProject
Global
	GlobalSection(SolutionConfigurationPlatforms) = preSolution
		Debug|Any CPU = Debug|Any CPU
		Release|Any CPU = Release|Any CPU
	EndGlobalSection
	GlobalSection(ProjectConfigurationPlatforms) = postSolution
		{9152B29C-B2EE-407A-B702-E9451C8B3279}.Debug|Any CPU.ActiveCfg = Debug|Any CPU
		{9152B29C-B2EE-407A-B702-E9451C8B3279}.Debug|Any CPU.Build.0 = Debug|Any CPU
		{9152B29C-B2EE-407A-B702-E9451C8B3279}.Release|Any CPU.ActiveCfg = Release|Any CPU
		{9152B29C-B2EE-407A-B702-E9451C8B3279}.Release|Any CPU.Build.0 = Release|Any CPU
	EndGlobalSection
	GlobalSection(SolutionProperties) = preSolution
		HideSolutionNode = FALSE
	EndGlobalSection
	GlobalSection(ExtensibilityGlobals) = postSolution
		SolutionGuid = {2D16C023-148C-4506-B451-7274CEC0432B}
	EndGlobalSection
EndGlobal
