
Microsoft Visual Studio Solution File, Format Version 12.00
# Visual Studio 15
VisualStudioVersion = 15.0.28010.2046
MinimumVisualStudioVersion = 10.0.40219.1
Project("{FAE04EC0-301F-11D3-BF4B-00C04F79EFBC}") = "rightclick", "rightclick\rightclick.csproj", "{04653B14-4484-4598-B5BD-8B6D76BB46F7}"
EndProject
Global
	GlobalSection(SolutionConfigurationPlatforms) = preSolution
		Debug|Any CPU = Debug|Any CPU
		Release|Any CPU = Release|Any CPU
	EndGlobalSection
	GlobalSection(ProjectConfigurationPlatforms) = postSolution
		{04653B14-4484-4598-B5BD-8B6D76BB46F7}.Debug|Any CPU.ActiveCfg = Debug|Any CPU
		{04653B14-4484-4598-B5BD-8B6D76BB46F7}.Debug|Any CPU.Build.0 = Debug|Any CPU
		{04653B14-4484-4598-B5BD-8B6D76BB46F7}.Release|Any CPU.ActiveCfg = Release|Any CPU
		{04653B14-4484-4598-B5BD-8B6D76BB46F7}.Release|Any CPU.Build.0 = Release|Any CPU
	EndGlobalSection
	GlobalSection(SolutionProperties) = preSolution
		HideSolutionNode = FALSE
	EndGlobalSection
	GlobalSection(ExtensibilityGlobals) = postSolution
		SolutionGuid = {AA97AEB5-8665-4857-8A35-AD2322E18F14}
	EndGlobalSection
EndGlobal
